
Microsoft Visual Studio Solution File, Format Version 12.00
# Visual Studio 2012
Project("{FAE04EC0-301F-11D3-BF4B-00C04F79EFBC}") = "resultStatistic", "resultStatistic\resultStatistic.csproj", "{6C241EF3-D15A-4751-8249-0D22A50DBE37}"
EndProject
Global
	GlobalSection(SolutionConfigurationPlatforms) = preSolution
		Debug|x86 = Debug|x86
		Release|x86 = Release|x86
	EndGlobalSection
	GlobalSection(ProjectConfigurationPlatforms) = postSolution
		{6C241EF3-D15A-4751-8249-0D22A50DBE37}.Debug|x86.ActiveCfg = Debug|x86
		{6C241EF3-D15A-4751-8249-0D22A50DBE37}.Debug|x86.Build.0 = Debug|x86
		{6C241EF3-D15A-4751-8249-0D22A50DBE37}.Release|x86.ActiveCfg = Release|x86
		{6C241EF3-D15A-4751-8249-0D22A50DBE37}.Release|x86.Build.0 = Release|x86
	EndGlobalSection
	GlobalSection(SolutionProperties) = preSolution
		HideSolutionNode = FALSE
	EndGlobalSection
EndGlobal
